// !$*UTF8*$!
{
	archiveVersion = 1;
	classes = {
	};
	objectVersion = 46;
	objects = {

/* Begin PBXBuildFile section */
		3710E2721CB0791000786B1D /* DeviceListController.swift in Sources */ = {isa = PBXBuildFile; fileRef = 3710E2711CB0791000786B1D /* DeviceListController.swift */; };
		3710E2741CB0796900786B1D /* AddDeviceViewController.swift in Sources */ = {isa = PBXBuildFile; fileRef = 3710E2731CB0796900786B1D /* AddDeviceViewController.swift */; };
		3710E2761CB0798A00786B1D /* PingViewController.swift in Sources */ = {isa = PBXBuildFile; fileRef = 3710E2751CB0798A00786B1D /* PingViewController.swift */; };
		375F35751CAEF52A000E46F3 /* SettingsController.swift in Sources */ = {isa = PBXBuildFile; fileRef = 375F35741CAEF52A000E46F3 /* SettingsController.swift */; };
		37B622971D1DE2C800ED263D /* GBPing.m in Sources */ = {isa = PBXBuildFile; fileRef = 37B622931D1DE2C800ED263D /* GBPing.m */; };
		37B622981D1DE2C800ED263D /* GBPingSummary.m in Sources */ = {isa = PBXBuildFile; fileRef = 37B622951D1DE2C800ED263D /* GBPingSummary.m */; };
		37F47A0B1CB1D8320035FA9F /* Device.swift in Sources */ = {isa = PBXBuildFile; fileRef = 37F47A0A1CB1D8320035FA9F /* Device.swift */; };
		37F6BBD61CCEB63A00796042 /* DoubleExtension.swift in Sources */ = {isa = PBXBuildFile; fileRef = 37F6BBD51CCEB63A00796042 /* DoubleExtension.swift */; };
		37FF803F1CAD6B1F00AF4C07 /* AppDelegate.swift in Sources */ = {isa = PBXBuildFile; fileRef = 37FF803E1CAD6B1F00AF4C07 /* AppDelegate.swift */; };
		37FF80441CAD6B1F00AF4C07 /* Main.storyboard in Resources */ = {isa = PBXBuildFile; fileRef = 37FF80421CAD6B1F00AF4C07 /* Main.storyboard */; };
		37FF80461CAD6B1F00AF4C07 /* Ping Master.xcassets in Resources */ = {isa = PBXBuildFile; fileRef = 37FF80451CAD6B1F00AF4C07 /* Ping Master.xcassets */; };
		37FF80491CAD6B1F00AF4C07 /* LaunchScreen.storyboard in Resources */ = {isa = PBXBuildFile; fileRef = 37FF80471CAD6B1F00AF4C07 /* LaunchScreen.storyboard */; };
		C32A72C81D7A98AD00EA0EED /* NSTimeInterval.swift in Sources */ = {isa = PBXBuildFile; fileRef = C32A72C71D7A98AD00EA0EED /* NSTimeInterval.swift */; };
/* End PBXBuildFile section */

/* Begin PBXFileReference section */
		3710E2711CB0791000786B1D /* DeviceListController.swift */ = {isa = PBXFileReference; fileEncoding = 4; lastKnownFileType = sourcecode.swift; path = DeviceListController.swift; sourceTree = "<group>"; };
		3710E2731CB0796900786B1D /* AddDeviceViewController.swift */ = {isa = PBXFileReference; fileEncoding = 4; lastKnownFileType = sourcecode.swift; path = AddDeviceViewController.swift; sourceTree = "<group>"; };
		3710E2751CB0798A00786B1D /* PingViewController.swift */ = {isa = PBXFileReference; fileEncoding = 4; lastKnownFileType = sourcecode.swift; path = PingViewController.swift; sourceTree = "<group>"; };
		371A43391CB21F6300FCA746 /* Ping Master-Bridging-Header.h */ = {isa = PBXFileReference; lastKnownFileType = sourcecode.c.h; path = "Ping Master-Bridging-Header.h"; sourceTree = "<group>"; };
		375F35741CAEF52A000E46F3 /* SettingsController.swift */ = {isa = PBXFileReference; fileEncoding = 4; lastKnownFileType = sourcecode.swift; path = SettingsController.swift; sourceTree = "<group>"; };
		37B622911D1DE2C800ED263D /* GBPing-Prefix.pch */ = {isa = PBXFileReference; fileEncoding = 4; lastKnownFileType = sourcecode.c.h; path = "GBPing-Prefix.pch"; sourceTree = "<group>"; };
		37B622921D1DE2C800ED263D /* GBPing.h */ = {isa = PBXFileReference; fileEncoding = 4; lastKnownFileType = sourcecode.c.h; path = GBPing.h; sourceTree = "<group>"; };
		37B622931D1DE2C800ED263D /* GBPing.m */ = {isa = PBXFileReference; fileEncoding = 4; lastKnownFileType = sourcecode.c.objc; path = GBPing.m; sourceTree = "<group>"; };
		37B622941D1DE2C800ED263D /* GBPingSummary.h */ = {isa = PBXFileReference; fileEncoding = 4; lastKnownFileType = sourcecode.c.h; path = GBPingSummary.h; sourceTree = "<group>"; };
		37B622951D1DE2C800ED263D /* GBPingSummary.m */ = {isa = PBXFileReference; fileEncoding = 4; lastKnownFileType = sourcecode.c.objc; path = GBPingSummary.m; sourceTree = "<group>"; };
		37B622961D1DE2C800ED263D /* ICMPHeader.h */ = {isa = PBXFileReference; fileEncoding = 4; lastKnownFileType = sourcecode.c.h; path = ICMPHeader.h; sourceTree = "<group>"; };
		37F47A0A1CB1D8320035FA9F /* Device.swift */ = {isa = PBXFileReference; fileEncoding = 4; lastKnownFileType = sourcecode.swift; path = Device.swift; sourceTree = "<group>"; };
		37F6BBD51CCEB63A00796042 /* DoubleExtension.swift */ = {isa = PBXFileReference; fileEncoding = 4; lastKnownFileType = sourcecode.swift; path = DoubleExtension.swift; sourceTree = "<group>"; };
		37FF803B1CAD6B1F00AF4C07 /* Ping Master.app */ = {isa = PBXFileReference; explicitFileType = wrapper.application; includeInIndex = 0; path = "Ping Master.app"; sourceTree = BUILT_PRODUCTS_DIR; };
		37FF803E1CAD6B1F00AF4C07 /* AppDelegate.swift */ = {isa = PBXFileReference; lastKnownFileType = sourcecode.swift; path = AppDelegate.swift; sourceTree = "<group>"; };
		37FF80431CAD6B1F00AF4C07 /* Base */ = {isa = PBXFileReference; lastKnownFileType = file.storyboard; name = Base; path = Base.lproj/Main.storyboard; sourceTree = "<group>"; };
		37FF80451CAD6B1F00AF4C07 /* Ping Master.xcassets */ = {isa = PBXFileReference; lastKnownFileType = folder.assetcatalog; path = "Ping Master.xcassets"; sourceTree = "<group>"; };
		37FF80481CAD6B1F00AF4C07 /* Base */ = {isa = PBXFileReference; lastKnownFileType = file.storyboard; name = Base; path = Base.lproj/LaunchScreen.storyboard; sourceTree = "<group>"; };
		37FF804A1CAD6B1F00AF4C07 /* Info.plist */ = {isa = PBXFileReference; lastKnownFileType = text.plist.xml; path = Info.plist; sourceTree = "<group>"; };
		C32A72C71D7A98AD00EA0EED /* NSTimeInterval.swift */ = {isa = PBXFileReference; fileEncoding = 4; lastKnownFileType = sourcecode.swift; path = NSTimeInterval.swift; sourceTree = "<group>"; };
/* End PBXFileReference section */

/* Begin PBXFrameworksBuildPhase section */
		37FF80381CAD6B1F00AF4C07 /* Frameworks */ = {
			isa = PBXFrameworksBuildPhase;
			buildActionMask = 2147483647;
			files = (
			);
			runOnlyForDeploymentPostprocessing = 0;
		};
/* End PBXFrameworksBuildPhase section */

/* Begin PBXGroup section */
		3710E26F1CB078CC00786B1D /* Devices Tab */ = {
			isa = PBXGroup;
			children = (
				371A43381CB2130500FCA746 /* Ping */,
				3710E2731CB0796900786B1D /* AddDeviceViewController.swift */,
				3710E2711CB0791000786B1D /* DeviceListController.swift */,
			);
			name = "Devices Tab";
			path = "Devices Tab";
			sourceTree = "<group>";
		};
		3710E2701CB078DB00786B1D /* Settings Tab */ = {
			isa = PBXGroup;
			children = (
				375F35741CAEF52A000E46F3 /* SettingsController.swift */,
			);
			name = "Settings Tab";
			path = "Settings Tab";
			sourceTree = "<group>";
		};
		371A43331CB2127A00FCA746 /* GBPing */ = {
			isa = PBXGroup;
			children = (
				37B622911D1DE2C800ED263D /* GBPing-Prefix.pch */,
				37B622921D1DE2C800ED263D /* GBPing.h */,
				37B622931D1DE2C800ED263D /* GBPing.m */,
				37B622941D1DE2C800ED263D /* GBPingSummary.h */,
				37B622951D1DE2C800ED263D /* GBPingSummary.m */,
				37B622961D1DE2C800ED263D /* ICMPHeader.h */,
				371A43391CB21F6300FCA746 /* Ping Master-Bridging-Header.h */,
			);
			name = GBPing;
			path = GBPing;
			sourceTree = "<group>";
		};
		371A43381CB2130500FCA746 /* Ping */ = {
			isa = PBXGroup;
			children = (
				3710E2751CB0798A00786B1D /* PingViewController.swift */,
			);
			name = Ping;
			path = Ping;
			sourceTree = "<group>";
		};
		37F47A091CB1D8210035FA9F /* Data Source */ = {
			isa = PBXGroup;
			children = (
				37F47A0A1CB1D8320035FA9F /* Device.swift */,
			);
			name = "Data Source";
			path = "Data Source";
			sourceTree = "<group>";
		};
		37F6BBD71CCEB64700796042 /* Extensions */ = {
			isa = PBXGroup;
			children = (
				37F6BBD51CCEB63A00796042 /* DoubleExtension.swift */,
				C32A72C71D7A98AD00EA0EED /* NSTimeInterval.swift */,
			);
			name = Extensions;
			path = Extensions;
			sourceTree = "<group>";
		};
		37FF80321CAD6B1F00AF4C07 = {
			isa = PBXGroup;
			children = (
				37FF803D1CAD6B1F00AF4C07 /* Ping Master */,
				37FF803C1CAD6B1F00AF4C07 /* Products */,
			);
			sourceTree = "<group>";
		};
		37FF803C1CAD6B1F00AF4C07 /* Products */ = {
			isa = PBXGroup;
			children = (
				37FF803B1CAD6B1F00AF4C07 /* Ping Master.app */,
			);
			name = Products;
			sourceTree = "<group>";
		};
		37FF803D1CAD6B1F00AF4C07 /* Ping Master */ = {
			isa = PBXGroup;
			children = (
				7C2B64F51EA6CBD200E9EB73 /* Assets */,
				37F47A091CB1D8210035FA9F /* Data Source */,
				7C2B64F31EA6CBB200E9EB73 /* Delegates */,
				37F6BBD71CCEB64700796042 /* Extensions */,
				371A43331CB2127A00FCA746 /* GBPing */,
				7C2B64F21EA6CB9F00E9EB73 /* Storyboards */,
				7C2B64F41EA6CBCA00E9EB73 /* Support */,
				7C2B64F11EA6CB9500E9EB73 /* View Controllers */,
			);
			path = "Ping Master";
			sourceTree = "<group>";
		};
		7C2B64F11EA6CB9500E9EB73 /* View Controllers */ = {
			isa = PBXGroup;
			children = (
				3710E26F1CB078CC00786B1D /* Devices Tab */,
				3710E2701CB078DB00786B1D /* Settings Tab */,
			);
			name = "View Controllers";
			path = "View Controllers";
			sourceTree = "<group>";
		};
		7C2B64F21EA6CB9F00E9EB73 /* Storyboards */ = {
			isa = PBXGroup;
			children = (
				37FF80471CAD6B1F00AF4C07 /* LaunchScreen.storyboard */,
				37FF80421CAD6B1F00AF4C07 /* Main.storyboard */,
			);
			name = Storyboards;
			path = Storyboards;
			sourceTree = "<group>";
		};
		7C2B64F31EA6CBB200E9EB73 /* Delegates */ = {
			isa = PBXGroup;
			children = (
				37FF803E1CAD6B1F00AF4C07 /* AppDelegate.swift */,
			);
			name = Delegates;
			path = Delegates;
			sourceTree = "<group>";
		};
		7C2B64F41EA6CBCA00E9EB73 /* Support */ = {
			isa = PBXGroup;
			children = (
				37FF804A1CAD6B1F00AF4C07 /* Info.plist */,
			);
			name = Support;
			path = Support;
			sourceTree = "<group>";
		};
		7C2B64F51EA6CBD200E9EB73 /* Assets */ = {
			isa = PBXGroup;
			children = (
				37FF80451CAD6B1F00AF4C07 /* Ping Master.xcassets */,
			);
			name = Assets;
			path = Assets;
			sourceTree = "<group>";
		};
/* End PBXGroup section */

/* Begin PBXNativeTarget section */
		37FF803A1CAD6B1F00AF4C07 /* Ping Master */ = {
			isa = PBXNativeTarget;
			buildConfigurationList = 37FF804D1CAD6B1F00AF4C07 /* Build configuration list for PBXNativeTarget "Ping Master" */;
			buildPhases = (
				37FF80371CAD6B1F00AF4C07 /* Sources */,
				37FF80381CAD6B1F00AF4C07 /* Frameworks */,
				37FF80391CAD6B1F00AF4C07 /* Resources */,
			);
			buildRules = (
			);
			dependencies = (
			);
			name = "Ping Master";
			productName = "Ping Master";
			productReference = 37FF803B1CAD6B1F00AF4C07 /* Ping Master.app */;
			productType = "com.apple.product-type.application";
		};
/* End PBXNativeTarget section */

/* Begin PBXProject section */
		37FF80331CAD6B1F00AF4C07 /* Project object */ = {
			isa = PBXProject;
			attributes = {
				LastSwiftUpdateCheck = 0730;
				LastUpgradeCheck = 0820;
				ORGANIZATIONNAME = "Nexus Heights";
				TargetAttributes = {
					37FF803A1CAD6B1F00AF4C07 = {
						CreatedOnToolsVersion = 7.3;
						DevelopmentTeam = 2CHH57X62F;
					};
				};
			};
			buildConfigurationList = 37FF80361CAD6B1F00AF4C07 /* Build configuration list for PBXProject "Ping Master" */;
			compatibilityVersion = "Xcode 3.2";
			developmentRegion = English;
			hasScannedForEncodings = 0;
			knownRegions = (
				en,
				Base,
			);
			mainGroup = 37FF80321CAD6B1F00AF4C07;
			productRefGroup = 37FF803C1CAD6B1F00AF4C07 /* Products */;
			projectDirPath = "";
			projectRoot = "";
			targets = (
				37FF803A1CAD6B1F00AF4C07 /* Ping Master */,
			);
		};
/* End PBXProject section */

/* Begin PBXResourcesBuildPhase section */
		37FF80391CAD6B1F00AF4C07 /* Resources */ = {
			isa = PBXResourcesBuildPhase;
			buildActionMask = 2147483647;
			files = (
				37FF80491CAD6B1F00AF4C07 /* LaunchScreen.storyboard in Resources */,
				37FF80461CAD6B1F00AF4C07 /* Ping Master.xcassets in Resources */,
				37FF80441CAD6B1F00AF4C07 /* Main.storyboard in Resources */,
			);
			runOnlyForDeploymentPostprocessing = 0;
		};
/* End PBXResourcesBuildPhase section */

/* Begin PBXSourcesBuildPhase section */
		37FF80371CAD6B1F00AF4C07 /* Sources */ = {
			isa = PBXSourcesBuildPhase;
			buildActionMask = 2147483647;
			files = (
				375F35751CAEF52A000E46F3 /* SettingsController.swift in Sources */,
				3710E2721CB0791000786B1D /* DeviceListController.swift in Sources */,
				37B622971D1DE2C800ED263D /* GBPing.m in Sources */,
				37B622981D1DE2C800ED263D /* GBPingSummary.m in Sources */,
				37F6BBD61CCEB63A00796042 /* DoubleExtension.swift in Sources */,
				3710E2761CB0798A00786B1D /* PingViewController.swift in Sources */,
				37F47A0B1CB1D8320035FA9F /* Device.swift in Sources */,
				37FF803F1CAD6B1F00AF4C07 /* AppDelegate.swift in Sources */,
				C32A72C81D7A98AD00EA0EED /* NSTimeInterval.swift in Sources */,
				3710E2741CB0796900786B1D /* AddDeviceViewController.swift in Sources */,
			);
			runOnlyForDeploymentPostprocessing = 0;
		};
/* End PBXSourcesBuildPhase section */

/* Begin PBXVariantGroup section */
		37FF80421CAD6B1F00AF4C07 /* Main.storyboard */ = {
			isa = PBXVariantGroup;
			children = (
				37FF80431CAD6B1F00AF4C07 /* Base */,
			);
			name = Main.storyboard;
			path = .;
			sourceTree = "<group>";
		};
		37FF80471CAD6B1F00AF4C07 /* LaunchScreen.storyboard */ = {
			isa = PBXVariantGroup;
			children = (
				37FF80481CAD6B1F00AF4C07 /* Base */,
			);
			name = LaunchScreen.storyboard;
			path = .;
			sourceTree = "<group>";
		};
/* End PBXVariantGroup section */

/* Begin XCBuildConfiguration section */
		37FF804B1CAD6B1F00AF4C07 /* Debug */ = {
			isa = XCBuildConfiguration;
			buildSettings = {
				ALWAYS_SEARCH_USER_PATHS = NO;
				CLANG_ANALYZER_NONNULL = YES;
				CLANG_CXX_LANGUAGE_STANDARD = "gnu++0x";
				CLANG_CXX_LIBRARY = "libc++";
				CLANG_ENABLE_MODULES = YES;
				CLANG_ENABLE_OBJC_ARC = YES;
				CLANG_WARN_BOOL_CONVERSION = YES;
				CLANG_WARN_CONSTANT_CONVERSION = YES;
				CLANG_WARN_DIRECT_OBJC_ISA_USAGE = YES_ERROR;
				CLANG_WARN_EMPTY_BODY = YES;
				CLANG_WARN_ENUM_CONVERSION = YES;
				CLANG_WARN_INFINITE_RECURSION = YES;
				CLANG_WARN_INT_CONVERSION = YES;
				CLANG_WARN_OBJC_ROOT_CLASS = YES_ERROR;
				CLANG_WARN_SUSPICIOUS_MOVE = YES;
				CLANG_WARN_UNREACHABLE_CODE = YES;
				CLANG_WARN__DUPLICATE_METHOD_MATCH = YES;
				"CODE_SIGN_IDENTITY[sdk=iphoneos*]" = "iPhone Developer";
				COPY_PHASE_STRIP = NO;
				DEBUG_INFORMATION_FORMAT = dwarf;
				ENABLE_STRICT_OBJC_MSGSEND = YES;
				ENABLE_TESTABILITY = YES;
				GCC_C_LANGUAGE_STANDARD = gnu99;
				GCC_DYNAMIC_NO_PIC = NO;
				GCC_NO_COMMON_BLOCKS = YES;
				GCC_OPTIMIZATION_LEVEL = 0;
				GCC_PREPROCESSOR_DEFINITIONS = (
					"DEBUG=1",
					"$(inherited)",
				);
				GCC_WARN_64_TO_32_BIT_CONVERSION = YES;
				GCC_WARN_ABOUT_RETURN_TYPE = YES_ERROR;
				GCC_WARN_UNDECLARED_SELECTOR = YES;
				GCC_WARN_UNINITIALIZED_AUTOS = YES_AGGRESSIVE;
				GCC_WARN_UNUSED_FUNCTION = YES;
				GCC_WARN_UNUSED_VARIABLE = YES;
				IPHONEOS_DEPLOYMENT_TARGET = 9.3;
				MTL_ENABLE_DEBUG_INFO = YES;
				ONLY_ACTIVE_ARCH = YES;
				SDKROOT = iphoneos;
				SWIFT_OPTIMIZATION_LEVEL = "-Onone";
				TARGETED_DEVICE_FAMILY = "1,2";
			};
			name = Debug;
		};
		37FF804C1CAD6B1F00AF4C07 /* Release */ = {
			isa = XCBuildConfiguration;
			buildSettings = {
				ALWAYS_SEARCH_USER_PATHS = NO;
				CLANG_ANALYZER_NONNULL = YES;
				CLANG_CXX_LANGUAGE_STANDARD = "gnu++0x";
				CLANG_CXX_LIBRARY = "libc++";
				CLANG_ENABLE_MODULES = YES;
				CLANG_ENABLE_OBJC_ARC = YES;
				CLANG_WARN_BOOL_CONVERSION = YES;
				CLANG_WARN_CONSTANT_CONVERSION = YES;
				CLANG_WARN_DIRECT_OBJC_ISA_USAGE = YES_ERROR;
				CLANG_WARN_EMPTY_BODY = YES;
				CLANG_WARN_ENUM_CONVERSION = YES;
				CLANG_WARN_INFINITE_RECURSION = YES;
				CLANG_WARN_INT_CONVERSION = YES;
				CLANG_WARN_OBJC_ROOT_CLASS = YES_ERROR;
				CLANG_WARN_SUSPICIOUS_MOVE = YES;
				CLANG_WARN_UNREACHABLE_CODE = YES;
				CLANG_WARN__DUPLICATE_METHOD_MATCH = YES;
				"CODE_SIGN_IDENTITY[sdk=iphoneos*]" = "iPhone Developer";
				COPY_PHASE_STRIP = NO;
				DEBUG_INFORMATION_FORMAT = "dwarf-with-dsym";
				ENABLE_NS_ASSERTIONS = NO;
				ENABLE_STRICT_OBJC_MSGSEND = YES;
				GCC_C_LANGUAGE_STANDARD = gnu99;
				GCC_NO_COMMON_BLOCKS = YES;
				GCC_WARN_64_TO_32_BIT_CONVERSION = YES;
				GCC_WARN_ABOUT_RETURN_TYPE = YES_ERROR;
				GCC_WARN_UNDECLARED_SELECTOR = YES;
				GCC_WARN_UNINITIALIZED_AUTOS = YES_AGGRESSIVE;
				GCC_WARN_UNUSED_FUNCTION = YES;
				GCC_WARN_UNUSED_VARIABLE = YES;
				IPHONEOS_DEPLOYMENT_TARGET = 9.3;
				MTL_ENABLE_DEBUG_INFO = NO;
				SDKROOT = iphoneos;
				SWIFT_OPTIMIZATION_LEVEL = "-Owholemodule";
				TARGETED_DEVICE_FAMILY = "1,2";
				VALIDATE_PRODUCT = YES;
			};
			name = Release;
		};
		37FF804E1CAD6B1F00AF4C07 /* Debug */ = {
			isa = XCBuildConfiguration;
			buildSettings = {
				ASSETCATALOG_COMPILER_APPICON_NAME = AppIcon;
				CLANG_ENABLE_MODULES = YES;
				CODE_SIGN_IDENTITY = "iPhone Developer";
				"CODE_SIGN_IDENTITY[sdk=iphoneos*]" = "iPhone Developer";
				INFOPLIST_FILE = "Ping Master/Support/Info.plist";
				IPHONEOS_DEPLOYMENT_TARGET = 9.0;
				LD_RUNPATH_SEARCH_PATHS = "$(inherited) @executable_path/Frameworks";
				PRODUCT_BUNDLE_IDENTIFIER = "com.NexusHeights.Ping-Master";
				PRODUCT_NAME = "$(TARGET_NAME)";
				PROVISIONING_PROFILE = "";
				SWIFT_OBJC_BRIDGING_HEADER = "Ping Master/Ping Master-Bridging-Header.h";
				SWIFT_OPTIMIZATION_LEVEL = "-Onone";
				SWIFT_VERSION = 2.3;
			};
			name = Debug;
		};
		37FF804F1CAD6B1F00AF4C07 /* Release */ = {
			isa = XCBuildConfiguration;
			buildSettings = {
				ASSETCATALOG_COMPILER_APPICON_NAME = AppIcon;
				CLANG_ENABLE_MODULES = YES;
				CODE_SIGN_IDENTITY = "iPhone Developer";
				"CODE_SIGN_IDENTITY[sdk=iphoneos*]" = "iPhone Developer";
				INFOPLIST_FILE = "Ping Master/Support/Info.plist";
				IPHONEOS_DEPLOYMENT_TARGET = 9.0;
				LD_RUNPATH_SEARCH_PATHS = "$(inherited) @executable_path/Frameworks";
				PRODUCT_BUNDLE_IDENTIFIER = "com.NexusHeights.Ping-Master";
				PRODUCT_NAME = "$(TARGET_NAME)";
				PROVISIONING_PROFILE = "";
				SWIFT_OBJC_BRIDGING_HEADER = "Ping Master/Ping Master-Bridging-Header.h";
				SWIFT_VERSION = 2.3;
			};
			name = Release;
		};
/* End XCBuildConfiguration section */

/* Begin XCConfigurationList section */
		37FF80361CAD6B1F00AF4C07 /* Build configuration list for PBXProject "Ping Master" */ = {
			isa = XCConfigurationList;
			buildConfigurations = (
				37FF804B1CAD6B1F00AF4C07 /* Debug */,
				37FF804C1CAD6B1F00AF4C07 /* Release */,
			);
			defaultConfigurationIsVisible = 0;
			defaultConfigurationName = Release;
		};
		37FF804D1CAD6B1F00AF4C07 /* Build configuration list for PBXNativeTarget "Ping Master" */ = {
			isa = XCConfigurationList;
			buildConfigurations = (
				37FF804E1CAD6B1F00AF4C07 /* Debug */,
				37FF804F1CAD6B1F00AF4C07 /* Release */,
			);
			defaultConfigurationIsVisible = 0;
			defaultConfigurationName = Release;
		};
/* End XCConfigurationList section */
	};
	rootObject = 37FF80331CAD6B1F00AF4C07 /* Project object */;
}
